{
  "version": 4,
  "terraform_version": "1.12.2",
  "serial": 2,
  "lineage": "e4d21a16-2748-bf92-764d-6b1f189a593c",
  "outputs": {
    "bucket_arn": {
      "value": "arn:aws:s3:::budrobundy-modul-bucket-001",
      "type": "string"
    },
    "bucket_name": {
      "value": "budrobundy-modul-bucket-001",
      "type": "string"
    }
  },
  "resources": [
    {
      "module": "module.my_s3_bucket",
      "mode": "managed",
      "type": "aws_s3_bucket",
      "name": "this",
      "provider": "provider[\"registry.terraform.io/hashicorp/aws\"]",
      "instances": [
        {
          "schema_version": 0,
          "attributes": {
            "acceleration_status": "",
            "acl": null,
            "arn": "arn:aws:s3:::budrobundy-modul-bucket-001",
            "bucket": "budrobundy-modul-bucket-001",
            "bucket_domain_name": "budrobundy-modul-bucket-001.s3.amazonaws.com",
            "bucket_prefix": "",
            "bucket_region": "eu-central-1",
            "bucket_regional_domain_name": "budrobundy-modul-bucket-001.s3.eu-central-1.amazonaws.com",
            "cors_rule": [],
            "force_destroy": true,
            "grant": [
              {
                "id": "93d311af14602f996e963b29979e7a416da9b95ad0218a5eb09d69433149be0d",
                "permissions": [
                  "FULL_CONTROL"
                ],
                "type": "CanonicalUser",
                "uri": ""
              }
            ],
            "hosted_zone_id": "Z21DNDUVLTQW6Q",
            "id": "budrobundy-modul-bucket-001",
            "lifecycle_rule": [],
            "logging": [],
            "object_lock_configuration": [],
            "object_lock_enabled": false,
            "policy": "",
            "region": "eu-central-1",
            "replication_configuration": [],
            "request_payer": "BucketOwner",
            "server_side_encryption_configuration": [
              {
                "rule": [
                  {
                    "apply_server_side_encryption_by_default": [
                      {
                        "kms_master_key_id": "",
                        "sse_algorithm": "AES256"
                      }
                    ],
                    "bucket_key_enabled": false
                  }
                ]
              }
            ],
            "tags": {
              "Projekt": "Terraform-Einstieg",
              "Umgebung": "Test"
            },
            "tags_all": {
              "Projekt": "Terraform-Einstieg",
              "Umgebung": "Test"
            },
            "timeouts": null,
            "versioning": [
              {
                "enabled": false,
                "mfa_delete": false
              }
            ],
            "website": [],
            "website_domain": null,
            "website_endpoint": null
          },
          "sensitive_attributes": [],
          "identity_schema_version": 0,
          "identity": {
            "account_id": "782372568958",
            "bucket": "budrobundy-modul-bucket-001",
            "region": "eu-central-1"
          },
          "private": "eyJlMmJmYjczMC1lY2FhLTExZTYtOGY4OC0zNDM2M2JjN2M0YzAiOnsiY3JlYXRlIjoxMjAwMDAwMDAwMDAwLCJkZWxldGUiOjM2MDAwMDAwMDAwMDAsInJlYWQiOjEyMDAwMDAwMDAwMDAsInVwZGF0ZSI6MTIwMDAwMDAwMDAwMH19"
        }
      ]
    }
  ],
  "check_results": null
}
